
Microsoft Visual Studio Solution File, Format Version 12.00
# Visual Studio 15
VisualStudioVersion = 15.0.28307.2092
MinimumVisualStudioVersion = 10.0.40219.1
Project("{8BC9CEB8-8B4A-11D0-8D11-00A0C91BC942}") = "C++进阶学习记录", "C++进阶学习记录\C++进阶学习记录.vcxproj", "{61594412-3F74-4378-966C-6009D35D8FF3}"
EndProject
Global
	GlobalSection(SolutionConfigurationPlatforms) = preSolution
		Debug|x64 = Debug|x64
		Debug|x86 = Debug|x86
		Release|x64 = Release|x64
		Release|x86 = Release|x86
	EndGlobalSection
	GlobalSection(ProjectConfigurationPlatforms) = postSolution
		{61594412-3F74-4378-966C-6009D35D8FF3}.Debug|x64.ActiveCfg = Debug|x64
		{61594412-3F74-4378-966C-6009D35D8FF3}.Debug|x64.Build.0 = Debug|x64
		{61594412-3F74-4378-966C-6009D35D8FF3}.Debug|x86.ActiveCfg = Debug|Win32
		{61594412-3F74-4378-966C-6009D35D8FF3}.Debug|x86.Build.0 = Debug|Win32
		{61594412-3F74-4378-966C-6009D35D8FF3}.Release|x64.ActiveCfg = Release|x64
		{61594412-3F74-4378-966C-6009D35D8FF3}.Release|x64.Build.0 = Release|x64
		{61594412-3F74-4378-966C-6009D35D8FF3}.Release|x86.ActiveCfg = Release|Win32
		{61594412-3F74-4378-966C-6009D35D8FF3}.Release|x86.Build.0 = Release|Win32
	EndGlobalSection
	GlobalSection(SolutionProperties) = preSolution
		HideSolutionNode = FALSE
	EndGlobalSection
	GlobalSection(ExtensibilityGlobals) = postSolution
		SolutionGuid = {47181E04-C13E-4989-85DE-DAF5C4D81E62}
	EndGlobalSection
EndGlobal
